// !$*UTF8*$!
{
	archiveVersion = 1;
	classes = {
	};
	objectVersion = 56;
	objects = {

/* Begin PBXBuildFile section */
		001898BE2A1E5F41003A54F4 /* AddReviewResult.swift in Sources */ = {isa = PBXBuildFile; fileRef = 001898BD2A1E5F41003A54F4 /* AddReviewResult.swift */; };
		001898C12A1E5FC1003A54F4 /* ReviewsResult.swift in Sources */ = {isa = PBXBuildFile; fileRef = 001898C02A1E5FC1003A54F4 /* ReviewsResult.swift */; };
		001898C42A1E67F9003A54F4 /* RemoveReviewsResult.swift in Sources */ = {isa = PBXBuildFile; fileRef = 001898C32A1E67F9003A54F4 /* RemoveReviewsResult.swift */; };
		001898C62A1E68F4003A54F4 /* RemoveReviewRequestFactory.swift in Sources */ = {isa = PBXBuildFile; fileRef = 001898C52A1E68F4003A54F4 /* RemoveReviewRequestFactory.swift */; };
		001898C82A1E6943003A54F4 /* RemoveReviewRequest.swift in Sources */ = {isa = PBXBuildFile; fileRef = 001898C72A1E6943003A54F4 /* RemoveReviewRequest.swift */; };
		001898CA2A1E6A87003A54F4 /* ReviewsRequestFactory.swift in Sources */ = {isa = PBXBuildFile; fileRef = 001898C92A1E6A87003A54F4 /* ReviewsRequestFactory.swift */; };
		001898CC2A1E6AC3003A54F4 /* ReviewsRequest.swift in Sources */ = {isa = PBXBuildFile; fileRef = 001898CB2A1E6AC3003A54F4 /* ReviewsRequest.swift */; };
		001898CE2A1E6C17003A54F4 /* AddReviewRequestFactory.swift in Sources */ = {isa = PBXBuildFile; fileRef = 001898CD2A1E6C17003A54F4 /* AddReviewRequestFactory.swift */; };
		001898D02A1E6C68003A54F4 /* AddReviewRequest.swift in Sources */ = {isa = PBXBuildFile; fileRef = 001898CF2A1E6C68003A54F4 /* AddReviewRequest.swift */; };
		001898D22A1E6F27003A54F4 /* ReviewModel.swift in Sources */ = {isa = PBXBuildFile; fileRef = 001898D12A1E6F27003A54F4 /* ReviewModel.swift */; };
		002BC21B2A320A8100116056 /* AddToBasketRequest.swift in Sources */ = {isa = PBXBuildFile; fileRef = 002BC21A2A320A8100116056 /* AddToBasketRequest.swift */; };
		002BC21D2A320AB500116056 /* AddToBasketRequestFactory.swift in Sources */ = {isa = PBXBuildFile; fileRef = 002BC21C2A320AB500116056 /* AddToBasketRequestFactory.swift */; };
		002BC21F2A320BCD00116056 /* AddToBasketResult.swift in Sources */ = {isa = PBXBuildFile; fileRef = 002BC21E2A320BCD00116056 /* AddToBasketResult.swift */; };
		002BC2212A3216D400116056 /* DeleteFromBasketResult.swift in Sources */ = {isa = PBXBuildFile; fileRef = 002BC2202A3216D400116056 /* DeleteFromBasketResult.swift */; };
		002BC2262A32179700116056 /* GetBasketResult.swift in Sources */ = {isa = PBXBuildFile; fileRef = 002BC2252A32179700116056 /* GetBasketResult.swift */; };
		002BC2282A3217C800116056 /* GetBasketRequestFactory.swift in Sources */ = {isa = PBXBuildFile; fileRef = 002BC2272A3217C800116056 /* GetBasketRequestFactory.swift */; };
		002BC22A2A3217EE00116056 /* GetBasketRequest.swift in Sources */ = {isa = PBXBuildFile; fileRef = 002BC2292A3217EE00116056 /* GetBasketRequest.swift */; };
		002BC22C2A32182F00116056 /* DeleteFromBasketRequestFactory.swift in Sources */ = {isa = PBXBuildFile; fileRef = 002BC22B2A32182F00116056 /* DeleteFromBasketRequestFactory.swift */; };
		002BC22E2A32186200116056 /* DeleteFromBasketRequest.swift in Sources */ = {isa = PBXBuildFile; fileRef = 002BC22D2A32186200116056 /* DeleteFromBasketRequest.swift */; };
		003485EE2A15D983005C9709 /* DataRequest.swift in Sources */ = {isa = PBXBuildFile; fileRef = 003485ED2A15D983005C9709 /* DataRequest.swift */; };
		003485F22A15DB76005C9709 /* Logout.swift in Sources */ = {isa = PBXBuildFile; fileRef = 003485F12A15DB76005C9709 /* Logout.swift */; };
		003485F42A15DBCF005C9709 /* LogoutRequestFactory.swift in Sources */ = {isa = PBXBuildFile; fileRef = 003485F32A15DBCF005C9709 /* LogoutRequestFactory.swift */; };
		003485F62A15DC7E005C9709 /* LogoutResult.swift in Sources */ = {isa = PBXBuildFile; fileRef = 003485F52A15DC7E005C9709 /* LogoutResult.swift */; };
		003485FA2A15EE63005C9709 /* ChangesProfile.swift in Sources */ = {isa = PBXBuildFile; fileRef = 003485F92A15EE63005C9709 /* ChangesProfile.swift */; };
		003485FC2A15F123005C9709 /* ChangesProfileRequestFactory.swift in Sources */ = {isa = PBXBuildFile; fileRef = 003485FB2A15F123005C9709 /* ChangesProfileRequestFactory.swift */; };
		003485FE2A15F134005C9709 /* ChangesProfileResult.swift in Sources */ = {isa = PBXBuildFile; fileRef = 003485FD2A15F134005C9709 /* ChangesProfileResult.swift */; };
		005F869F2A167505004B1DDD /* ResponseCodable.swift in Sources */ = {isa = PBXBuildFile; fileRef = 005F869E2A167505004B1DDD /* ResponseCodable.swift */; };
		007B58DE2A1F0FAF0091B339 /* ReviewsTests.swift in Sources */ = {isa = PBXBuildFile; fileRef = 007B58DD2A1F0FAF0091B339 /* ReviewsTests.swift */; };
		0093C7992A321CD0005B724E /* ProductFromBasket.swift in Sources */ = {isa = PBXBuildFile; fileRef = 0093C7982A321CD0005B724E /* ProductFromBasket.swift */; };
		0093C79B2A322F30005B724E /* BasketTests.swift in Sources */ = {isa = PBXBuildFile; fileRef = 0093C79A2A322F30005B724E /* BasketTests.swift */; };
		00AD5DC42A1B80C50091CD68 /* CatalogDataRequest.swift in Sources */ = {isa = PBXBuildFile; fileRef = 00AD5DC32A1B80C50091CD68 /* CatalogDataRequest.swift */; };
		00AD5DC62A1B819E0091CD68 /* CatalogDataRequestFactory.swift in Sources */ = {isa = PBXBuildFile; fileRef = 00AD5DC52A1B819E0091CD68 /* CatalogDataRequestFactory.swift */; };
		00AD5DC82A1B82610091CD68 /* CatalogDataResult.swift in Sources */ = {isa = PBXBuildFile; fileRef = 00AD5DC72A1B82610091CD68 /* CatalogDataResult.swift */; };
		00AD5DCB2A1B867F0091CD68 /* ProductModel.swift in Sources */ = {isa = PBXBuildFile; fileRef = 00AD5DCA2A1B867F0091CD68 /* ProductModel.swift */; };
		00AD5DCD2A1B86B90091CD68 /* ProductResult.swift in Sources */ = {isa = PBXBuildFile; fileRef = 00AD5DCC2A1B86B90091CD68 /* ProductResult.swift */; };
		00AD5DCF2A1B87AE0091CD68 /* ProductRequestFactory.swift in Sources */ = {isa = PBXBuildFile; fileRef = 00AD5DCE2A1B87AE0091CD68 /* ProductRequestFactory.swift */; };
		00AD5DD12A1B8DF70091CD68 /* ProductRequest.swift in Sources */ = {isa = PBXBuildFile; fileRef = 00AD5DD02A1B8DF70091CD68 /* ProductRequest.swift */; };
		00AD5DD32A1B8E680091CD68 /* ProductTests.swift in Sources */ = {isa = PBXBuildFile; fileRef = 00AD5DD22A1B8E680091CD68 /* ProductTests.swift */; };
		00AD5DD52A1B98540091CD68 /* ProductCatalogTests.swift in Sources */ = {isa = PBXBuildFile; fileRef = 00AD5DD42A1B98540091CD68 /* ProductCatalogTests.swift */; };
		00AD5DD72A1B99F70091CD68 /* ProductTestsModel.swift in Sources */ = {isa = PBXBuildFile; fileRef = 00AD5DD62A1B99F70091CD68 /* ProductTestsModel.swift */; };
		00ADC3B52A14FA9700B0ADE3 /* AppDelegate.swift in Sources */ = {isa = PBXBuildFile; fileRef = 00ADC3B42A14FA9700B0ADE3 /* AppDelegate.swift */; };
		00ADC3B72A14FA9700B0ADE3 /* SceneDelegate.swift in Sources */ = {isa = PBXBuildFile; fileRef = 00ADC3B62A14FA9700B0ADE3 /* SceneDelegate.swift */; };
		00ADC3B92A14FA9700B0ADE3 /* ViewController.swift in Sources */ = {isa = PBXBuildFile; fileRef = 00ADC3B82A14FA9700B0ADE3 /* ViewController.swift */; };
		00ADC3BC2A14FA9700B0ADE3 /* Main.storyboard in Resources */ = {isa = PBXBuildFile; fileRef = 00ADC3BA2A14FA9700B0ADE3 /* Main.storyboard */; };
		00ADC3BE2A14FA9900B0ADE3 /* Assets.xcassets in Resources */ = {isa = PBXBuildFile; fileRef = 00ADC3BD2A14FA9900B0ADE3 /* Assets.xcassets */; };
		00ADC3C12A14FA9900B0ADE3 /* LaunchScreen.storyboard in Resources */ = {isa = PBXBuildFile; fileRef = 00ADC3BF2A14FA9900B0ADE3 /* LaunchScreen.storyboard */; };
		00ADC3CC2A14FA9900B0ADE3 /* GBShop_HomanTests.swift in Sources */ = {isa = PBXBuildFile; fileRef = 00ADC3CB2A14FA9900B0ADE3 /* GBShop_HomanTests.swift */; };
		00ADC3D62A14FA9900B0ADE3 /* GBShop_HomanUITests.swift in Sources */ = {isa = PBXBuildFile; fileRef = 00ADC3D52A14FA9900B0ADE3 /* GBShop_HomanUITests.swift */; };
		00ADC3D82A14FA9900B0ADE3 /* GBShop_HomanUITestsLaunchTests.swift in Sources */ = {isa = PBXBuildFile; fileRef = 00ADC3D72A14FA9900B0ADE3 /* GBShop_HomanUITestsLaunchTests.swift */; };
		00ADC3F82A15258D00B0ADE3 /* AbstractErrorParser.swift in Sources */ = {isa = PBXBuildFile; fileRef = 00ADC3F72A15258D00B0ADE3 /* AbstractErrorParser.swift */; };
		00ADC3FA2A1525A300B0ADE3 /* ErrorParser.swift in Sources */ = {isa = PBXBuildFile; fileRef = 00ADC3F92A1525A300B0ADE3 /* ErrorParser.swift */; };
		00ADC3FC2A1525B100B0ADE3 /* CustomDecodableSerializer.swift in Sources */ = {isa = PBXBuildFile; fileRef = 00ADC3FB2A1525B100B0ADE3 /* CustomDecodableSerializer.swift */; };
		00ADC3FE2A1525C700B0ADE3 /* AbstractRequestFactory.swift in Sources */ = {isa = PBXBuildFile; fileRef = 00ADC3FD2A1525C700B0ADE3 /* AbstractRequestFactory.swift */; };
		00ADC4002A1525E200B0ADE3 /* RequestRouter.swift in Sources */ = {isa = PBXBuildFile; fileRef = 00ADC3FF2A1525E200B0ADE3 /* RequestRouter.swift */; };
		00ADC4022A15260B00B0ADE3 /* AuthResult.swift in Sources */ = {isa = PBXBuildFile; fileRef = 00ADC4012A15260B00B0ADE3 /* AuthResult.swift */; };
		00ADC4042A15261F00B0ADE3 /* UserModel.swift in Sources */ = {isa = PBXBuildFile; fileRef = 00ADC4032A15261F00B0ADE3 /* UserModel.swift */; };
		00ADC4062A15263100B0ADE3 /* AuthRequestFactory.swift in Sources */ = {isa = PBXBuildFile; fileRef = 00ADC4052A15263100B0ADE3 /* AuthRequestFactory.swift */; };
		00ADC4082A15264200B0ADE3 /* Auth.swift in Sources */ = {isa = PBXBuildFile; fileRef = 00ADC4072A15264200B0ADE3 /* Auth.swift */; };
		00ADC40A2A15265100B0ADE3 /* RequestFactory.swift in Sources */ = {isa = PBXBuildFile; fileRef = 00ADC4092A15265100B0ADE3 /* RequestFactory.swift */; };
		00EAA2C62A179F1A00355850 /* UserTestsModel.swift in Sources */ = {isa = PBXBuildFile; fileRef = 00EAA2C52A179F1A00355850 /* UserTestsModel.swift */; };
		00FE8F402A167BD6002AB13D /* LogoutTests.swift in Sources */ = {isa = PBXBuildFile; fileRef = 00FE8F3F2A167BD6002AB13D /* LogoutTests.swift */; };
		00FE8F422A167CE5002AB13D /* ChangeProfileTests.swift in Sources */ = {isa = PBXBuildFile; fileRef = 00FE8F412A167CE5002AB13D /* ChangeProfileTests.swift */; };
		00FE8F442A167E1C002AB13D /* AuthTests.swift in Sources */ = {isa = PBXBuildFile; fileRef = 00FE8F432A167E1C002AB13D /* AuthTests.swift */; };
		0ECB778D9E77C266A48F4851 /* Pods_GBShop_Homan_GBShop_HomanUITests.framework in Frameworks */ = {isa = PBXBuildFile; fileRef = D76F6FEB911E809E98B6A9A2 /* Pods_GBShop_Homan_GBShop_HomanUITests.framework */; };
		4F2CDE390157225A6E374A5F /* Pods_GBShop_HomanTests.framework in Frameworks */ = {isa = PBXBuildFile; fileRef = E2CE8E1C9907F079B700AF59 /* Pods_GBShop_HomanTests.framework */; };
		9983F308D0DFB0002D637504 /* Pods_GBShop_Homan.framework in Frameworks */ = {isa = PBXBuildFile; fileRef = 19EE5D461C9158E83E8EC2CE /* Pods_GBShop_Homan.framework */; };
/* End PBXBuildFile section */

/* Begin PBXContainerItemProxy section */
		00ADC3C82A14FA9900B0ADE3 /* PBXContainerItemProxy */ = {
			isa = PBXContainerItemProxy;
			containerPortal = 00ADC3A92A14FA9700B0ADE3 /* Project object */;
			proxyType = 1;
			remoteGlobalIDString = 00ADC3B02A14FA9700B0ADE3;
			remoteInfo = GBShop_Homan;
		};
		00ADC3D22A14FA9900B0ADE3 /* PBXContainerItemProxy */ = {
			isa = PBXContainerItemProxy;
			containerPortal = 00ADC3A92A14FA9700B0ADE3 /* Project object */;
			proxyType = 1;
			remoteGlobalIDString = 00ADC3B02A14FA9700B0ADE3;
			remoteInfo = GBShop_Homan;
		};
		00D503DE2A1672F900200B1D /* PBXContainerItemProxy */ = {
			isa = PBXContainerItemProxy;
			containerPortal = 00ADC3A92A14FA9700B0ADE3 /* Project object */;
			proxyType = 1;
			remoteGlobalIDString = 00ADC3B02A14FA9700B0ADE3;
			remoteInfo = GBShop_Homan;
		};
/* End PBXContainerItemProxy section */

/* Begin PBXFileReference section */
		001898BD2A1E5F41003A54F4 /* AddReviewResult.swift */ = {isa = PBXFileReference; lastKnownFileType = sourcecode.swift; path = AddReviewResult.swift; sourceTree = "<group>"; };
		001898C02A1E5FC1003A54F4 /* ReviewsResult.swift */ = {isa = PBXFileReference; lastKnownFileType = sourcecode.swift; path = ReviewsResult.swift; sourceTree = "<group>"; };
		001898C32A1E67F9003A54F4 /* RemoveReviewsResult.swift */ = {isa = PBXFileReference; lastKnownFileType = sourcecode.swift; path = RemoveReviewsResult.swift; sourceTree = "<group>"; };
		001898C52A1E68F4003A54F4 /* RemoveReviewRequestFactory.swift */ = {isa = PBXFileReference; lastKnownFileType = sourcecode.swift; path = RemoveReviewRequestFactory.swift; sourceTree = "<group>"; };
		001898C72A1E6943003A54F4 /* RemoveReviewRequest.swift */ = {isa = PBXFileReference; lastKnownFileType = sourcecode.swift; path = RemoveReviewRequest.swift; sourceTree = "<group>"; };
		001898C92A1E6A87003A54F4 /* ReviewsRequestFactory.swift */ = {isa = PBXFileReference; lastKnownFileType = sourcecode.swift; path = ReviewsRequestFactory.swift; sourceTree = "<group>"; };
		001898CB2A1E6AC3003A54F4 /* ReviewsRequest.swift */ = {isa = PBXFileReference; lastKnownFileType = sourcecode.swift; path = ReviewsRequest.swift; sourceTree = "<group>"; };
		001898CD2A1E6C17003A54F4 /* AddReviewRequestFactory.swift */ = {isa = PBXFileReference; lastKnownFileType = sourcecode.swift; path = AddReviewRequestFactory.swift; sourceTree = "<group>"; };
		001898CF2A1E6C68003A54F4 /* AddReviewRequest.swift */ = {isa = PBXFileReference; lastKnownFileType = sourcecode.swift; path = AddReviewRequest.swift; sourceTree = "<group>"; };
		001898D12A1E6F27003A54F4 /* ReviewModel.swift */ = {isa = PBXFileReference; lastKnownFileType = sourcecode.swift; path = ReviewModel.swift; sourceTree = "<group>"; };
		002BC21A2A320A8100116056 /* AddToBasketRequest.swift */ = {isa = PBXFileReference; lastKnownFileType = sourcecode.swift; path = AddToBasketRequest.swift; sourceTree = "<group>"; };
		002BC21C2A320AB500116056 /* AddToBasketRequestFactory.swift */ = {isa = PBXFileReference; lastKnownFileType = sourcecode.swift; path = AddToBasketRequestFactory.swift; sourceTree = "<group>"; };
		002BC21E2A320BCD00116056 /* AddToBasketResult.swift */ = {isa = PBXFileReference; lastKnownFileType = sourcecode.swift; path = AddToBasketResult.swift; sourceTree = "<group>"; };
		002BC2202A3216D400116056 /* DeleteFromBasketResult.swift */ = {isa = PBXFileReference; lastKnownFileType = sourcecode.swift; path = DeleteFromBasketResult.swift; sourceTree = "<group>"; };
		002BC2252A32179700116056 /* GetBasketResult.swift */ = {isa = PBXFileReference; lastKnownFileType = sourcecode.swift; path = GetBasketResult.swift; sourceTree = "<group>"; };
		002BC2272A3217C800116056 /* GetBasketRequestFactory.swift */ = {isa = PBXFileReference; lastKnownFileType = sourcecode.swift; path = GetBasketRequestFactory.swift; sourceTree = "<group>"; };
		002BC2292A3217EE00116056 /* GetBasketRequest.swift */ = {isa = PBXFileReference; lastKnownFileType = sourcecode.swift; path = GetBasketRequest.swift; sourceTree = "<group>"; };
		002BC22B2A32182F00116056 /* DeleteFromBasketRequestFactory.swift */ = {isa = PBXFileReference; lastKnownFileType = sourcecode.swift; path = DeleteFromBasketRequestFactory.swift; sourceTree = "<group>"; };
		002BC22D2A32186200116056 /* DeleteFromBasketRequest.swift */ = {isa = PBXFileReference; lastKnownFileType = sourcecode.swift; path = DeleteFromBasketRequest.swift; sourceTree = "<group>"; };
		003485ED2A15D983005C9709 /* DataRequest.swift */ = {isa = PBXFileReference; lastKnownFileType = sourcecode.swift; path = DataRequest.swift; sourceTree = "<group>"; };
		003485F12A15DB76005C9709 /* Logout.swift */ = {isa = PBXFileReference; lastKnownFileType = sourcecode.swift; path = Logout.swift; sourceTree = "<group>"; };
		003485F32A15DBCF005C9709 /* LogoutRequestFactory.swift */ = {isa = PBXFileReference; lastKnownFileType = sourcecode.swift; path = LogoutRequestFactory.swift; sourceTree = "<group>"; };
		003485F52A15DC7E005C9709 /* LogoutResult.swift */ = {isa = PBXFileReference; lastKnownFileType = sourcecode.swift; path = LogoutResult.swift; sourceTree = "<group>"; };
		003485F92A15EE63005C9709 /* ChangesProfile.swift */ = {isa = PBXFileReference; lastKnownFileType = sourcecode.swift; path = ChangesProfile.swift; sourceTree = "<group>"; };
		003485FB2A15F123005C9709 /* ChangesProfileRequestFactory.swift */ = {isa = PBXFileReference; lastKnownFileType = sourcecode.swift; path = ChangesProfileRequestFactory.swift; sourceTree = "<group>"; };
		003485FD2A15F134005C9709 /* ChangesProfileResult.swift */ = {isa = PBXFileReference; lastKnownFileType = sourcecode.swift; path = ChangesProfileResult.swift; sourceTree = "<group>"; };
		005F869E2A167505004B1DDD /* ResponseCodable.swift */ = {isa = PBXFileReference; lastKnownFileType = sourcecode.swift; path = ResponseCodable.swift; sourceTree = "<group>"; };
		007B58DD2A1F0FAF0091B339 /* ReviewsTests.swift */ = {isa = PBXFileReference; lastKnownFileType = sourcecode.swift; path = ReviewsTests.swift; sourceTree = "<group>"; };
		0093C7982A321CD0005B724E /* ProductFromBasket.swift */ = {isa = PBXFileReference; lastKnownFileType = sourcecode.swift; path = ProductFromBasket.swift; sourceTree = "<group>"; };
		0093C79A2A322F30005B724E /* BasketTests.swift */ = {isa = PBXFileReference; lastKnownFileType = sourcecode.swift; path = BasketTests.swift; sourceTree = "<group>"; };
		00AD5DC32A1B80C50091CD68 /* CatalogDataRequest.swift */ = {isa = PBXFileReference; lastKnownFileType = sourcecode.swift; path = CatalogDataRequest.swift; sourceTree = "<group>"; };
		00AD5DC52A1B819E0091CD68 /* CatalogDataRequestFactory.swift */ = {isa = PBXFileReference; lastKnownFileType = sourcecode.swift; path = CatalogDataRequestFactory.swift; sourceTree = "<group>"; };
		00AD5DC72A1B82610091CD68 /* CatalogDataResult.swift */ = {isa = PBXFileReference; lastKnownFileType = sourcecode.swift; path = CatalogDataResult.swift; sourceTree = "<group>"; };
		00AD5DCA2A1B867F0091CD68 /* ProductModel.swift */ = {isa = PBXFileReference; lastKnownFileType = sourcecode.swift; path = ProductModel.swift; sourceTree = "<group>"; };
		00AD5DCC2A1B86B90091CD68 /* ProductResult.swift */ = {isa = PBXFileReference; lastKnownFileType = sourcecode.swift; path = ProductResult.swift; sourceTree = "<group>"; };
		00AD5DCE2A1B87AE0091CD68 /* ProductRequestFactory.swift */ = {isa = PBXFileReference; lastKnownFileType = sourcecode.swift; path = ProductRequestFactory.swift; sourceTree = "<group>"; };
		00AD5DD02A1B8DF70091CD68 /* ProductRequest.swift */ = {isa = PBXFileReference; lastKnownFileType = sourcecode.swift; path = ProductRequest.swift; sourceTree = "<group>"; };
		00AD5DD22A1B8E680091CD68 /* ProductTests.swift */ = {isa = PBXFileReference; lastKnownFileType = sourcecode.swift; path = ProductTests.swift; sourceTree = "<group>"; };
		00AD5DD42A1B98540091CD68 /* ProductCatalogTests.swift */ = {isa = PBXFileReference; lastKnownFileType = sourcecode.swift; path = ProductCatalogTests.swift; sourceTree = "<group>"; };
		00AD5DD62A1B99F70091CD68 /* ProductTestsModel.swift */ = {isa = PBXFileReference; lastKnownFileType = sourcecode.swift; path = ProductTestsModel.swift; sourceTree = "<group>"; };
		00ADC3B12A14FA9700B0ADE3 /* GBShop_Homan.app */ = {isa = PBXFileReference; explicitFileType = wrapper.application; includeInIndex = 0; path = GBShop_Homan.app; sourceTree = BUILT_PRODUCTS_DIR; };
		00ADC3B42A14FA9700B0ADE3 /* AppDelegate.swift */ = {isa = PBXFileReference; lastKnownFileType = sourcecode.swift; path = AppDelegate.swift; sourceTree = "<group>"; };
		00ADC3B62A14FA9700B0ADE3 /* SceneDelegate.swift */ = {isa = PBXFileReference; lastKnownFileType = sourcecode.swift; path = SceneDelegate.swift; sourceTree = "<group>"; };
		00ADC3B82A14FA9700B0ADE3 /* ViewController.swift */ = {isa = PBXFileReference; lastKnownFileType = sourcecode.swift; path = ViewController.swift; sourceTree = "<group>"; };
		00ADC3BB2A14FA9700B0ADE3 /* Base */ = {isa = PBXFileReference; lastKnownFileType = file.storyboard; name = Base; path = Base.lproj/Main.storyboard; sourceTree = "<group>"; };
		00ADC3BD2A14FA9900B0ADE3 /* Assets.xcassets */ = {isa = PBXFileReference; lastKnownFileType = folder.assetcatalog; path = Assets.xcassets; sourceTree = "<group>"; };
		00ADC3C02A14FA9900B0ADE3 /* Base */ = {isa = PBXFileReference; lastKnownFileType = file.storyboard; name = Base; path = Base.lproj/LaunchScreen.storyboard; sourceTree = "<group>"; };
		00ADC3C22A14FA9900B0ADE3 /* Info.plist */ = {isa = PBXFileReference; lastKnownFileType = text.plist.xml; path = Info.plist; sourceTree = "<group>"; };
		00ADC3C72A14FA9900B0ADE3 /* GBShop_HomanTests.xctest */ = {isa = PBXFileReference; explicitFileType = wrapper.cfbundle; includeInIndex = 0; path = GBShop_HomanTests.xctest; sourceTree = BUILT_PRODUCTS_DIR; };
		00ADC3CB2A14FA9900B0ADE3 /* GBShop_HomanTests.swift */ = {isa = PBXFileReference; lastKnownFileType = sourcecode.swift; path = GBShop_HomanTests.swift; sourceTree = "<group>"; };
		00ADC3D12A14FA9900B0ADE3 /* GBShop_HomanUITests.xctest */ = {isa = PBXFileReference; explicitFileType = wrapper.cfbundle; includeInIndex = 0; path = GBShop_HomanUITests.xctest; sourceTree = BUILT_PRODUCTS_DIR; };
		00ADC3D52A14FA9900B0ADE3 /* GBShop_HomanUITests.swift */ = {isa = PBXFileReference; lastKnownFileType = sourcecode.swift; path = GBShop_HomanUITests.swift; sourceTree = "<group>"; };
		00ADC3D72A14FA9900B0ADE3 /* GBShop_HomanUITestsLaunchTests.swift */ = {isa = PBXFileReference; lastKnownFileType = sourcecode.swift; path = GBShop_HomanUITestsLaunchTests.swift; sourceTree = "<group>"; };
		00ADC3F72A15258D00B0ADE3 /* AbstractErrorParser.swift */ = {isa = PBXFileReference; lastKnownFileType = sourcecode.swift; path = AbstractErrorParser.swift; sourceTree = "<group>"; };
		00ADC3F92A1525A300B0ADE3 /* ErrorParser.swift */ = {isa = PBXFileReference; lastKnownFileType = sourcecode.swift; path = ErrorParser.swift; sourceTree = "<group>"; };
		00ADC3FB2A1525B100B0ADE3 /* CustomDecodableSerializer.swift */ = {isa = PBXFileReference; lastKnownFileType = sourcecode.swift; path = CustomDecodableSerializer.swift; sourceTree = "<group>"; };
		00ADC3FD2A1525C700B0ADE3 /* AbstractRequestFactory.swift */ = {isa = PBXFileReference; lastKnownFileType = sourcecode.swift; path = AbstractRequestFactory.swift; sourceTree = "<group>"; };
		00ADC3FF2A1525E200B0ADE3 /* RequestRouter.swift */ = {isa = PBXFileReference; lastKnownFileType = sourcecode.swift; path = RequestRouter.swift; sourceTree = "<group>"; };
		00ADC4012A15260B00B0ADE3 /* AuthResult.swift */ = {isa = PBXFileReference; lastKnownFileType = sourcecode.swift; path = AuthResult.swift; sourceTree = "<group>"; };
		00ADC4032A15261F00B0ADE3 /* UserModel.swift */ = {isa = PBXFileReference; lastKnownFileType = sourcecode.swift; path = UserModel.swift; sourceTree = "<group>"; };
		00ADC4052A15263100B0ADE3 /* AuthRequestFactory.swift */ = {isa = PBXFileReference; lastKnownFileType = sourcecode.swift; path = AuthRequestFactory.swift; sourceTree = "<group>"; };
		00ADC4072A15264200B0ADE3 /* Auth.swift */ = {isa = PBXFileReference; lastKnownFileType = sourcecode.swift; path = Auth.swift; sourceTree = "<group>"; };
		00ADC4092A15265100B0ADE3 /* RequestFactory.swift */ = {isa = PBXFileReference; lastKnownFileType = sourcecode.swift; path = RequestFactory.swift; sourceTree = "<group>"; };
		00D503DA2A1672F900200B1D /* ResponseodableTests.xctest */ = {isa = PBXFileReference; explicitFileType = wrapper.cfbundle; includeInIndex = 0; path = ResponseodableTests.xctest; sourceTree = BUILT_PRODUCTS_DIR; };
		00EAA2C52A179F1A00355850 /* UserTestsModel.swift */ = {isa = PBXFileReference; lastKnownFileType = sourcecode.swift; path = UserTestsModel.swift; sourceTree = "<group>"; };
		00FE8F3F2A167BD6002AB13D /* LogoutTests.swift */ = {isa = PBXFileReference; lastKnownFileType = sourcecode.swift; path = LogoutTests.swift; sourceTree = "<group>"; };
		00FE8F412A167CE5002AB13D /* ChangeProfileTests.swift */ = {isa = PBXFileReference; lastKnownFileType = sourcecode.swift; path = ChangeProfileTests.swift; sourceTree = "<group>"; };
		00FE8F432A167E1C002AB13D /* AuthTests.swift */ = {isa = PBXFileReference; lastKnownFileType = sourcecode.swift; path = AuthTests.swift; sourceTree = "<group>"; };
		00FFB9FC2A16712A00FE2128 /* XCTest.framework */ = {isa = PBXFileReference; lastKnownFileType = wrapper.framework; name = XCTest.framework; path = Platforms/iPhoneOS.platform/Developer/Library/Frameworks/XCTest.framework; sourceTree = DEVELOPER_DIR; };
		1384372722138076EF1FF883 /* Pods-GBShop_Homan-GBShop_HomanUITests.debug.xcconfig */ = {isa = PBXFileReference; includeInIndex = 1; lastKnownFileType = text.xcconfig; name = "Pods-GBShop_Homan-GBShop_HomanUITests.debug.xcconfig"; path = "Target Support Files/Pods-GBShop_Homan-GBShop_HomanUITests/Pods-GBShop_Homan-GBShop_HomanUITests.debug.xcconfig"; sourceTree = "<group>"; };
		19EE5D461C9158E83E8EC2CE /* Pods_GBShop_Homan.framework */ = {isa = PBXFileReference; explicitFileType = wrapper.framework; includeInIndex = 0; path = Pods_GBShop_Homan.framework; sourceTree = BUILT_PRODUCTS_DIR; };
		28508A2583886C3C515CCD0B /* Pods-GBShop_Homan.debug.xcconfig */ = {isa = PBXFileReference; includeInIndex = 1; lastKnownFileType = text.xcconfig; name = "Pods-GBShop_Homan.debug.xcconfig"; path = "Target Support Files/Pods-GBShop_Homan/Pods-GBShop_Homan.debug.xcconfig"; sourceTree = "<group>"; };
		549298E35C713C9183CD9D2A /* Pods-GBShop_Homan-GBShop_HomanUITests.release.xcconfig */ = {isa = PBXFileReference; includeInIndex = 1; lastKnownFileType = text.xcconfig; name = "Pods-GBShop_Homan-GBShop_HomanUITests.release.xcconfig"; path = "Target Support Files/Pods-GBShop_Homan-GBShop_HomanUITests/Pods-GBShop_Homan-GBShop_HomanUITests.release.xcconfig"; sourceTree = "<group>"; };
		5ED3C109E4EF92472AB95DE0 /* Pods-GBShop_HomanTests.debug.xcconfig */ = {isa = PBXFileReference; includeInIndex = 1; lastKnownFileType = text.xcconfig; name = "Pods-GBShop_HomanTests.debug.xcconfig"; path = "Target Support Files/Pods-GBShop_HomanTests/Pods-GBShop_HomanTests.debug.xcconfig"; sourceTree = "<group>"; };
		D04ED316C69F46824D4FAD48 /* Pods-GBShop_Homan.release.xcconfig */ = {isa = PBXFileReference; includeInIndex = 1; lastKnownFileType = text.xcconfig; name = "Pods-GBShop_Homan.release.xcconfig"; path = "Target Support Files/Pods-GBShop_Homan/Pods-GBShop_Homan.release.xcconfig"; sourceTree = "<group>"; };
		D76F6FEB911E809E98B6A9A2 /* Pods_GBShop_Homan_GBShop_HomanUITests.framework */ = {isa = PBXFileReference; explicitFileType = wrapper.framework; includeInIndex = 0; path = Pods_GBShop_Homan_GBShop_HomanUITests.framework; sourceTree = BUILT_PRODUCTS_DIR; };
		E2CE8E1C9907F079B700AF59 /* Pods_GBShop_HomanTests.framework */ = {isa = PBXFileReference; explicitFileType = wrapper.framework; includeInIndex = 0; path = Pods_GBShop_HomanTests.framework; sourceTree = BUILT_PRODUCTS_DIR; };
		EC9BB2314AC5858C6018744F /* Pods-GBShop_HomanTests.release.xcconfig */ = {isa = PBXFileReference; includeInIndex = 1; lastKnownFileType = text.xcconfig; name = "Pods-GBShop_HomanTests.release.xcconfig"; path = "Target Support Files/Pods-GBShop_HomanTests/Pods-GBShop_HomanTests.release.xcconfig"; sourceTree = "<group>"; };
/* End PBXFileReference section */

/* Begin PBXFrameworksBuildPhase section */
		00ADC3AE2A14FA9700B0ADE3 /* Frameworks */ = {
			isa = PBXFrameworksBuildPhase;
			buildActionMask = 2147483647;
			files = (
				9983F308D0DFB0002D637504 /* Pods_GBShop_Homan.framework in Frameworks */,
			);
			runOnlyForDeploymentPostprocessing = 0;
		};
		00ADC3C42A14FA9900B0ADE3 /* Frameworks */ = {
			isa = PBXFrameworksBuildPhase;
			buildActionMask = 2147483647;
			files = (
				4F2CDE390157225A6E374A5F /* Pods_GBShop_HomanTests.framework in Frameworks */,
			);
			runOnlyForDeploymentPostprocessing = 0;
		};
		00ADC3CE2A14FA9900B0ADE3 /* Frameworks */ = {
			isa = PBXFrameworksBuildPhase;
			buildActionMask = 2147483647;
			files = (
				0ECB778D9E77C266A48F4851 /* Pods_GBShop_Homan_GBShop_HomanUITests.framework in Frameworks */,
			);
			runOnlyForDeploymentPostprocessing = 0;
		};
		00D503D72A1672F900200B1D /* Frameworks */ = {
			isa = PBXFrameworksBuildPhase;
			buildActionMask = 2147483647;
			files = (
			);
			runOnlyForDeploymentPostprocessing = 0;
		};
/* End PBXFrameworksBuildPhase section */

/* Begin PBXGroup section */
		001898BC2A1E5F1B003A54F4 /* AddReview */ = {
			isa = PBXGroup;
			children = (
				001898BD2A1E5F41003A54F4 /* AddReviewResult.swift */,
				001898CD2A1E6C17003A54F4 /* AddReviewRequestFactory.swift */,
				001898CF2A1E6C68003A54F4 /* AddReviewRequest.swift */,
			);
			path = AddReview;
			sourceTree = "<group>";
		};
		001898BF2A1E5FAF003A54F4 /* Reviews */ = {
			isa = PBXGroup;
			children = (
				001898C02A1E5FC1003A54F4 /* ReviewsResult.swift */,
				001898C92A1E6A87003A54F4 /* ReviewsRequestFactory.swift */,
				001898CB2A1E6AC3003A54F4 /* ReviewsRequest.swift */,
			);
			path = Reviews;
			sourceTree = "<group>";
		};
		001898C22A1E6120003A54F4 /* RemoveReviews */ = {
			isa = PBXGroup;
			children = (
				001898C32A1E67F9003A54F4 /* RemoveReviewsResult.swift */,
				001898C52A1E68F4003A54F4 /* RemoveReviewRequestFactory.swift */,
				001898C72A1E6943003A54F4 /* RemoveReviewRequest.swift */,
			);
			path = RemoveReviews;
			sourceTree = "<group>";
		};
		002BC2182A320A5500116056 /* AddToBasketRequest */ = {
			isa = PBXGroup;
			children = (
				002BC21E2A320BCD00116056 /* AddToBasketResult.swift */,
				002BC21C2A320AB500116056 /* AddToBasketRequestFactory.swift */,
				002BC21A2A320A8100116056 /* AddToBasketRequest.swift */,
			);
			path = AddToBasketRequest;
			sourceTree = "<group>";
		};
		002BC2192A320A6A00116056 /* DeleteFromBasketRequest */ = {
			isa = PBXGroup;
			children = (
				002BC2202A3216D400116056 /* DeleteFromBasketResult.swift */,
				002BC22B2A32182F00116056 /* DeleteFromBasketRequestFactory.swift */,
				002BC22D2A32186200116056 /* DeleteFromBasketRequest.swift */,
			);
			path = DeleteFromBasketRequest;
			sourceTree = "<group>";
		};
		002BC2222A32170B00116056 /* BasketResult */ = {
			isa = PBXGroup;
			children = (
				002BC2232A32171900116056 /* GetBasketResult */,
				002BC2182A320A5500116056 /* AddToBasketRequest */,
				002BC2192A320A6A00116056 /* DeleteFromBasketRequest */,
			);
			path = BasketResult;
			sourceTree = "<group>";
		};
		002BC2232A32171900116056 /* GetBasketResult */ = {
			isa = PBXGroup;
			children = (
				002BC2252A32179700116056 /* GetBasketResult.swift */,
				0093C7982A321CD0005B724E /* ProductFromBasket.swift */,
				002BC2272A3217C800116056 /* GetBasketRequestFactory.swift */,
				002BC2292A3217EE00116056 /* GetBasketRequest.swift */,
			);
			path = GetBasketResult;
			sourceTree = "<group>";
		};
		002BC2242A32172D00116056 /* Review */ = {
			isa = PBXGroup;
			children = (
				001898C22A1E6120003A54F4 /* RemoveReviews */,
				001898BC2A1E5F1B003A54F4 /* AddReview */,
				001898BF2A1E5FAF003A54F4 /* Reviews */,
			);
			path = Review;
			sourceTree = "<group>";
		};
		003485EF2A15DB58005C9709 /* Auth */ = {
			isa = PBXGroup;
			children = (
				00ADC4012A15260B00B0ADE3 /* AuthResult.swift */,
				00ADC4052A15263100B0ADE3 /* AuthRequestFactory.swift */,
				00ADC4072A15264200B0ADE3 /* Auth.swift */,
			);
			path = Auth;
			sourceTree = "<group>";
		};
		003485F02A15DB65005C9709 /* Logout */ = {
			isa = PBXGroup;
			children = (
				003485F52A15DC7E005C9709 /* LogoutResult.swift */,
				003485F32A15DBCF005C9709 /* LogoutRequestFactory.swift */,
				003485F12A15DB76005C9709 /* Logout.swift */,
			);
			path = Logout;
			sourceTree = "<group>";
		};
		003485F82A15EE24005C9709 /* Changes */ = {
			isa = PBXGroup;
			children = (
				003485FD2A15F134005C9709 /* ChangesProfileResult.swift */,
				003485FB2A15F123005C9709 /* ChangesProfileRequestFactory.swift */,
				003485F92A15EE63005C9709 /* ChangesProfile.swift */,
			);
			path = Changes;
			sourceTree = "<group>";
		};
		005F869D2A1674A1004B1DDD /* Response */ = {
			isa = PBXGroup;
			children = (
				005F869E2A167505004B1DDD /* ResponseCodable.swift */,
			);
			path = Response;
			sourceTree = "<group>";
		};
		00AD5DC22A1B80180091CD68 /* CatalogData */ = {
			isa = PBXGroup;
			children = (
				00AD5DC72A1B82610091CD68 /* CatalogDataResult.swift */,
				00AD5DC52A1B819E0091CD68 /* CatalogDataRequestFactory.swift */,
				00AD5DC32A1B80C50091CD68 /* CatalogDataRequest.swift */,
			);
			path = CatalogData;
			sourceTree = "<group>";
		};
		00AD5DC92A1B86610091CD68 /* Product */ = {
			isa = PBXGroup;
			children = (
				00AD5DCC2A1B86B90091CD68 /* ProductResult.swift */,
				00AD5DCE2A1B87AE0091CD68 /* ProductRequestFactory.swift */,
				00AD5DD02A1B8DF70091CD68 /* ProductRequest.swift */,
			);
			path = Product;
			sourceTree = "<group>";
		};
		00ADC3A82A14FA9700B0ADE3 = {
			isa = PBXGroup;
			children = (
				00ADC3B32A14FA9700B0ADE3 /* GBShop_Homan */,
				00ADC3CA2A14FA9900B0ADE3 /* GBShop_HomanTests */,
				00ADC3D42A14FA9900B0ADE3 /* GBShop_HomanUITests */,
				00ADC3B22A14FA9700B0ADE3 /* Products */,
				D9B81E749E1ADE57130B5657 /* Pods */,
				C455864891F9CF5DCEEEA618 /* Frameworks */,
			);
			sourceTree = "<group>";
		};
		00ADC3B22A14FA9700B0ADE3 /* Products */ = {
			isa = PBXGroup;
			children = (
				00ADC3B12A14FA9700B0ADE3 /* GBShop_Homan.app */,
				00ADC3C72A14FA9900B0ADE3 /* GBShop_HomanTests.xctest */,
				00ADC3D12A14FA9900B0ADE3 /* GBShop_HomanUITests.xctest */,
				00D503DA2A1672F900200B1D /* ResponseodableTests.xctest */,
			);
			name = Products;
			sourceTree = "<group>";
		};
		00ADC3B32A14FA9700B0ADE3 /* GBShop_Homan */ = {
			isa = PBXGroup;
			children = (
				00ADC3B82A14FA9700B0ADE3 /* ViewController.swift */,
				00ADC3BA2A14FA9700B0ADE3 /* Main.storyboard */,
				00ADC3E42A1521D000B0ADE3 /* App */,
				00ADC3E52A1521FC00B0ADE3 /* Core */,
				00ADC3E62A15221200B0ADE3 /* Resources */,
				00ADC3E72A15222000B0ADE3 /* Environments */,
				00ADC3C22A14FA9900B0ADE3 /* Info.plist */,
			);
			path = GBShop_Homan;
			sourceTree = "<group>";
		};
		00ADC3CA2A14FA9900B0ADE3 /* GBShop_HomanTests */ = {
			isa = PBXGroup;
			children = (
				00ADC3CB2A14FA9900B0ADE3 /* GBShop_HomanTests.swift */,
				00FE8F412A167CE5002AB13D /* ChangeProfileTests.swift */,
				00AD5DD22A1B8E680091CD68 /* ProductTests.swift */,
				00FE8F432A167E1C002AB13D /* AuthTests.swift */,
				00FE8F3F2A167BD6002AB13D /* LogoutTests.swift */,
				00AD5DD42A1B98540091CD68 /* ProductCatalogTests.swift */,
				007B58DD2A1F0FAF0091B339 /* ReviewsTests.swift */,
				0093C79A2A322F30005B724E /* BasketTests.swift */,
			);
			path = GBShop_HomanTests;
			sourceTree = "<group>";
		};
		00ADC3D42A14FA9900B0ADE3 /* GBShop_HomanUITests */ = {
			isa = PBXGroup;
			children = (
				00ADC3D52A14FA9900B0ADE3 /* GBShop_HomanUITests.swift */,
				00ADC3D72A14FA9900B0ADE3 /* GBShop_HomanUITestsLaunchTests.swift */,
			);
			path = GBShop_HomanUITests;
			sourceTree = "<group>";
		};
		00ADC3E42A1521D000B0ADE3 /* App */ = {
			isa = PBXGroup;
			children = (
				00ADC3B42A14FA9700B0ADE3 /* AppDelegate.swift */,
				00ADC3B62A14FA9700B0ADE3 /* SceneDelegate.swift */,
				00ADC3EB2A1522AD00B0ADE3 /* BusinessLogic */,
				00ADC3EA2A1522A400B0ADE3 /* Entity */,
				00ADC3E92A15229A00B0ADE3 /* Assembly */,
				00ADC3E82A15229600B0ADE3 /* Flows */,
			);
			path = App;
			sourceTree = "<group>";
		};
		00ADC3E52A1521FC00B0ADE3 /* Core */ = {
			isa = PBXGroup;
			children = (
				00ADC3EC2A1522D000B0ADE3 /* Network */,
			);
			path = Core;
			sourceTree = "<group>";
		};
		00ADC3E62A15221200B0ADE3 /* Resources */ = {
			isa = PBXGroup;
			children = (
				00ADC3BD2A14FA9900B0ADE3 /* Assets.xcassets */,
				00ADC3BF2A14FA9900B0ADE3 /* LaunchScreen.storyboard */,
			);
			path = Resources;
			sourceTree = "<group>";
		};
		00ADC3E72A15222000B0ADE3 /* Environments */ = {
			isa = PBXGroup;
			children = (
			);
			path = Environments;
			sourceTree = "<group>";
		};
		00ADC3E82A15229600B0ADE3 /* Flows */ = {
			isa = PBXGroup;
			children = (
			);
			path = Flows;
			sourceTree = "<group>";
		};
		00ADC3E92A15229A00B0ADE3 /* Assembly */ = {
			isa = PBXGroup;
			children = (
			);
			path = Assembly;
			sourceTree = "<group>";
		};
		00ADC3EA2A1522A400B0ADE3 /* Entity */ = {
			isa = PBXGroup;
			children = (
				00EAA2C52A179F1A00355850 /* UserTestsModel.swift */,
				001898D12A1E6F27003A54F4 /* ReviewModel.swift */,
				00AD5DD62A1B99F70091CD68 /* ProductTestsModel.swift */,
				00AD5DCA2A1B867F0091CD68 /* ProductModel.swift */,
				00ADC4032A15261F00B0ADE3 /* UserModel.swift */,
			);
			path = Entity;
			sourceTree = "<group>";
		};
		00ADC3EB2A1522AD00B0ADE3 /* BusinessLogic */ = {
			isa = PBXGroup;
			children = (
				005F869D2A1674A1004B1DDD /* Response */,
				00ADC4092A15265100B0ADE3 /* RequestFactory.swift */,
				002BC2222A32170B00116056 /* BasketResult */,
				002BC2242A32172D00116056 /* Review */,
				00AD5DC92A1B86610091CD68 /* Product */,
				00AD5DC22A1B80180091CD68 /* CatalogData */,
				003485F82A15EE24005C9709 /* Changes */,
				003485EF2A15DB58005C9709 /* Auth */,
				003485F02A15DB65005C9709 /* Logout */,
			);
			path = BusinessLogic;
			sourceTree = "<group>";
		};
		00ADC3EC2A1522D000B0ADE3 /* Network */ = {
			isa = PBXGroup;
			children = (
				00ADC3F72A15258D00B0ADE3 /* AbstractErrorParser.swift */,
				00ADC3F92A1525A300B0ADE3 /* ErrorParser.swift */,
				00ADC3FD2A1525C700B0ADE3 /* AbstractRequestFactory.swift */,
				003485ED2A15D983005C9709 /* DataRequest.swift */,
				00ADC3FB2A1525B100B0ADE3 /* CustomDecodableSerializer.swift */,
				00ADC3FF2A1525E200B0ADE3 /* RequestRouter.swift */,
			);
			path = Network;
			sourceTree = "<group>";
		};
		C455864891F9CF5DCEEEA618 /* Frameworks */ = {
			isa = PBXGroup;
			children = (
				00FFB9FC2A16712A00FE2128 /* XCTest.framework */,
				19EE5D461C9158E83E8EC2CE /* Pods_GBShop_Homan.framework */,
				D76F6FEB911E809E98B6A9A2 /* Pods_GBShop_Homan_GBShop_HomanUITests.framework */,
				E2CE8E1C9907F079B700AF59 /* Pods_GBShop_HomanTests.framework */,
			);
			name = Frameworks;
			sourceTree = "<group>";
		};
		D9B81E749E1ADE57130B5657 /* Pods */ = {
			isa = PBXGroup;
			children = (
				28508A2583886C3C515CCD0B /* Pods-GBShop_Homan.debug.xcconfig */,
				D04ED316C69F46824D4FAD48 /* Pods-GBShop_Homan.release.xcconfig */,
				1384372722138076EF1FF883 /* Pods-GBShop_Homan-GBShop_HomanUITests.debug.xcconfig */,
				549298E35C713C9183CD9D2A /* Pods-GBShop_Homan-GBShop_HomanUITests.release.xcconfig */,
				5ED3C109E4EF92472AB95DE0 /* Pods-GBShop_HomanTests.debug.xcconfig */,
				EC9BB2314AC5858C6018744F /* Pods-GBShop_HomanTests.release.xcconfig */,
			);
			path = Pods;
			sourceTree = "<group>";
		};
/* End PBXGroup section */

/* Begin PBXNativeTarget section */
		00ADC3B02A14FA9700B0ADE3 /* GBShop_Homan */ = {
			isa = PBXNativeTarget;
			buildConfigurationList = 00ADC3DB2A14FA9900B0ADE3 /* Build configuration list for PBXNativeTarget "GBShop_Homan" */;
			buildPhases = (
				DF227028F572E4AF9D01561E /* [CP] Check Pods Manifest.lock */,
				00ADC3AD2A14FA9700B0ADE3 /* Sources */,
				00ADC3AE2A14FA9700B0ADE3 /* Frameworks */,
				00ADC3AF2A14FA9700B0ADE3 /* Resources */,
				0076BA332A30B7A8007630DB /* SwiftLint */,
				B14FF5D82A05CF26F7AB4439 /* [CP] Embed Pods Frameworks */,
			);
			buildRules = (
			);
			dependencies = (
			);
			name = GBShop_Homan;
			productName = GBShop_Homan;
			productReference = 00ADC3B12A14FA9700B0ADE3 /* GBShop_Homan.app */;
			productType = "com.apple.product-type.application";
		};
		00ADC3C62A14FA9900B0ADE3 /* GBShop_HomanTests */ = {
			isa = PBXNativeTarget;
			buildConfigurationList = 00ADC3DE2A14FA9900B0ADE3 /* Build configuration list for PBXNativeTarget "GBShop_HomanTests" */;
			buildPhases = (
				0B4A1207E897E1E6D094DFCC /* [CP] Check Pods Manifest.lock */,
				00ADC3C32A14FA9900B0ADE3 /* Sources */,
				00ADC3C42A14FA9900B0ADE3 /* Frameworks */,
				00ADC3C52A14FA9900B0ADE3 /* Resources */,
			);
			buildRules = (
			);
			dependencies = (
				00ADC3C92A14FA9900B0ADE3 /* PBXTargetDependency */,
			);
			name = GBShop_HomanTests;
			productName = GBShop_HomanTests;
			productReference = 00ADC3C72A14FA9900B0ADE3 /* GBShop_HomanTests.xctest */;
			productType = "com.apple.product-type.bundle.unit-test";
		};
		00ADC3D02A14FA9900B0ADE3 /* GBShop_HomanUITests */ = {
			isa = PBXNativeTarget;
			buildConfigurationList = 00ADC3E12A14FA9900B0ADE3 /* Build configuration list for PBXNativeTarget "GBShop_HomanUITests" */;
			buildPhases = (
				E777CB4BE5FF42F4927E0521 /* [CP] Check Pods Manifest.lock */,
				00ADC3CD2A14FA9900B0ADE3 /* Sources */,
				00ADC3CE2A14FA9900B0ADE3 /* Frameworks */,
				00ADC3CF2A14FA9900B0ADE3 /* Resources */,
				FA6742FAB9E0AAD05C8B83F3 /* [CP] Embed Pods Frameworks */,
			);
			buildRules = (
			);
			dependencies = (
				00ADC3D32A14FA9900B0ADE3 /* PBXTargetDependency */,
			);
			name = GBShop_HomanUITests;
			productName = GBShop_HomanUITests;
			productReference = 00ADC3D12A14FA9900B0ADE3 /* GBShop_HomanUITests.xctest */;
			productType = "com.apple.product-type.bundle.ui-testing";
		};
		00D503D92A1672F900200B1D /* ResponseodableTests */ = {
			isa = PBXNativeTarget;
			buildConfigurationList = 00D503E02A1672F900200B1D /* Build configuration list for PBXNativeTarget "ResponseodableTests" */;
			buildPhases = (
				00D503D62A1672F900200B1D /* Sources */,
				00D503D72A1672F900200B1D /* Frameworks */,
				00D503D82A1672F900200B1D /* Resources */,
			);
			buildRules = (
			);
			dependencies = (
				00D503DF2A1672F900200B1D /* PBXTargetDependency */,
			);
			name = ResponseodableTests;
			productName = ResponseodableTests;
			productReference = 00D503DA2A1672F900200B1D /* ResponseodableTests.xctest */;
			productType = "com.apple.product-type.bundle.unit-test";
		};
/* End PBXNativeTarget section */

/* Begin PBXProject section */
		00ADC3A92A14FA9700B0ADE3 /* Project object */ = {
			isa = PBXProject;
			attributes = {
				BuildIndependentTargetsInParallel = 1;
				LastSwiftUpdateCheck = 1430;
				LastUpgradeCheck = 1430;
				TargetAttributes = {
					00ADC3B02A14FA9700B0ADE3 = {
						CreatedOnToolsVersion = 14.3;
					};
					00ADC3C62A14FA9900B0ADE3 = {
						CreatedOnToolsVersion = 14.3;
						TestTargetID = 00ADC3B02A14FA9700B0ADE3;
					};
					00ADC3D02A14FA9900B0ADE3 = {
						CreatedOnToolsVersion = 14.3;
						TestTargetID = 00ADC3B02A14FA9700B0ADE3;
					};
					00D503D92A1672F900200B1D = {
						CreatedOnToolsVersion = 14.3;
						TestTargetID = 00ADC3B02A14FA9700B0ADE3;
					};
				};
			};
			buildConfigurationList = 00ADC3AC2A14FA9700B0ADE3 /* Build configuration list for PBXProject "GBShop_Homan" */;
			compatibilityVersion = "Xcode 14.0";
			developmentRegion = en;
			hasScannedForEncodings = 0;
			knownRegions = (
				en,
				Base,
			);
			mainGroup = 00ADC3A82A14FA9700B0ADE3;
			productRefGroup = 00ADC3B22A14FA9700B0ADE3 /* Products */;
			projectDirPath = "";
			projectRoot = "";
			targets = (
				00ADC3B02A14FA9700B0ADE3 /* GBShop_Homan */,
				00ADC3C62A14FA9900B0ADE3 /* GBShop_HomanTests */,
				00ADC3D02A14FA9900B0ADE3 /* GBShop_HomanUITests */,
				00D503D92A1672F900200B1D /* ResponseodableTests */,
			);
		};
/* End PBXProject section */

/* Begin PBXResourcesBuildPhase section */
		00ADC3AF2A14FA9700B0ADE3 /* Resources */ = {
			isa = PBXResourcesBuildPhase;
			buildActionMask = 2147483647;
			files = (
				00ADC3C12A14FA9900B0ADE3 /* LaunchScreen.storyboard in Resources */,
				00ADC3BE2A14FA9900B0ADE3 /* Assets.xcassets in Resources */,
				00ADC3BC2A14FA9700B0ADE3 /* Main.storyboard in Resources */,
			);
			runOnlyForDeploymentPostprocessing = 0;
		};
		00ADC3C52A14FA9900B0ADE3 /* Resources */ = {
			isa = PBXResourcesBuildPhase;
			buildActionMask = 2147483647;
			files = (
			);
			runOnlyForDeploymentPostprocessing = 0;
		};
		00ADC3CF2A14FA9900B0ADE3 /* Resources */ = {
			isa = PBXResourcesBuildPhase;
			buildActionMask = 2147483647;
			files = (
			);
			runOnlyForDeploymentPostprocessing = 0;
		};
		00D503D82A1672F900200B1D /* Resources */ = {
			isa = PBXResourcesBuildPhase;
			buildActionMask = 2147483647;
			files = (
			);
			runOnlyForDeploymentPostprocessing = 0;
		};
/* End PBXResourcesBuildPhase section */

/* Begin PBXShellScriptBuildPhase section */
		0076BA332A30B7A8007630DB /* SwiftLint */ = {
			isa = PBXShellScriptBuildPhase;
			buildActionMask = 2147483647;
			files = (
			);
			inputFileListPaths = (
			);
			inputPaths = (
			);
			name = SwiftLint;
			outputFileListPaths = (
			);
			outputPaths = (
			);
			runOnlyForDeploymentPostprocessing = 0;
			shellPath = /bin/sh;
			shellScript = "\"${PODS_ROOT}/SwiftLint/swiftlint\" GBShop_HomanAlex\n\"${PODS_ROOT}/SwiftLint/swiftlint\" --fix GBShop_HomanAlex\n";
		};
		0B4A1207E897E1E6D094DFCC /* [CP] Check Pods Manifest.lock */ = {
			isa = PBXShellScriptBuildPhase;
			buildActionMask = 2147483647;
			files = (
			);
			inputFileListPaths = (
			);
			inputPaths = (
				"${PODS_PODFILE_DIR_PATH}/Podfile.lock",
				"${PODS_ROOT}/Manifest.lock",
			);
			name = "[CP] Check Pods Manifest.lock";
			outputFileListPaths = (
			);
			outputPaths = (
				"$(DERIVED_FILE_DIR)/Pods-GBShop_HomanTests-checkManifestLockResult.txt",
			);
			runOnlyForDeploymentPostprocessing = 0;
			shellPath = /bin/sh;
			shellScript = "diff \"${PODS_PODFILE_DIR_PATH}/Podfile.lock\" \"${PODS_ROOT}/Manifest.lock\" > /dev/null\nif [ $? != 0 ] ; then\n    # print error to STDERR\n    echo \"error: The sandbox is not in sync with the Podfile.lock. Run 'pod install' or update your CocoaPods installation.\" >&2\n    exit 1\nfi\n# This output is used by Xcode 'outputs' to avoid re-running this script phase.\necho \"SUCCESS\" > \"${SCRIPT_OUTPUT_FILE_0}\"\n";
			showEnvVarsInLog = 0;
		};
		B14FF5D82A05CF26F7AB4439 /* [CP] Embed Pods Frameworks */ = {
			isa = PBXShellScriptBuildPhase;
			buildActionMask = 2147483647;
			files = (
			);
			inputFileListPaths = (
				"${PODS_ROOT}/Target Support Files/Pods-GBShop_Homan/Pods-GBShop_Homan-frameworks-${CONFIGURATION}-input-files.xcfilelist",
			);
			name = "[CP] Embed Pods Frameworks";
			outputFileListPaths = (
				"${PODS_ROOT}/Target Support Files/Pods-GBShop_Homan/Pods-GBShop_Homan-frameworks-${CONFIGURATION}-output-files.xcfilelist",
			);
			runOnlyForDeploymentPostprocessing = 0;
			shellPath = /bin/sh;
			shellScript = "\"${PODS_ROOT}/Target Support Files/Pods-GBShop_Homan/Pods-GBShop_Homan-frameworks.sh\"\n";
			showEnvVarsInLog = 0;
		};
		DF227028F572E4AF9D01561E /* [CP] Check Pods Manifest.lock */ = {
			isa = PBXShellScriptBuildPhase;
			buildActionMask = 2147483647;
			files = (
			);
			inputFileListPaths = (
			);
			inputPaths = (
				"${PODS_PODFILE_DIR_PATH}/Podfile.lock",
				"${PODS_ROOT}/Manifest.lock",
			);
			name = "[CP] Check Pods Manifest.lock";
			outputFileListPaths = (
			);
			outputPaths = (
				"$(DERIVED_FILE_DIR)/Pods-GBShop_Homan-checkManifestLockResult.txt",
			);
			runOnlyForDeploymentPostprocessing = 0;
			shellPath = /bin/sh;
			shellScript = "diff \"${PODS_PODFILE_DIR_PATH}/Podfile.lock\" \"${PODS_ROOT}/Manifest.lock\" > /dev/null\nif [ $? != 0 ] ; then\n    # print error to STDERR\n    echo \"error: The sandbox is not in sync with the Podfile.lock. Run 'pod install' or update your CocoaPods installation.\" >&2\n    exit 1\nfi\n# This output is used by Xcode 'outputs' to avoid re-running this script phase.\necho \"SUCCESS\" > \"${SCRIPT_OUTPUT_FILE_0}\"\n";
			showEnvVarsInLog = 0;
		};
		E777CB4BE5FF42F4927E0521 /* [CP] Check Pods Manifest.lock */ = {
			isa = PBXShellScriptBuildPhase;
			buildActionMask = 2147483647;
			files = (
			);
			inputFileListPaths = (
			);
			inputPaths = (
				"${PODS_PODFILE_DIR_PATH}/Podfile.lock",
				"${PODS_ROOT}/Manifest.lock",
			);
			name = "[CP] Check Pods Manifest.lock";
			outputFileListPaths = (
			);
			outputPaths = (
				"$(DERIVED_FILE_DIR)/Pods-GBShop_Homan-GBShop_HomanUITests-checkManifestLockResult.txt",
			);
			runOnlyForDeploymentPostprocessing = 0;
			shellPath = /bin/sh;
			shellScript = "diff \"${PODS_PODFILE_DIR_PATH}/Podfile.lock\" \"${PODS_ROOT}/Manifest.lock\" > /dev/null\nif [ $? != 0 ] ; then\n    # print error to STDERR\n    echo \"error: The sandbox is not in sync with the Podfile.lock. Run 'pod install' or update your CocoaPods installation.\" >&2\n    exit 1\nfi\n# This output is used by Xcode 'outputs' to avoid re-running this script phase.\necho \"SUCCESS\" > \"${SCRIPT_OUTPUT_FILE_0}\"\n";
			showEnvVarsInLog = 0;
		};
		FA6742FAB9E0AAD05C8B83F3 /* [CP] Embed Pods Frameworks */ = {
			isa = PBXShellScriptBuildPhase;
			buildActionMask = 2147483647;
			files = (
			);
			inputFileListPaths = (
				"${PODS_ROOT}/Target Support Files/Pods-GBShop_Homan-GBShop_HomanUITests/Pods-GBShop_Homan-GBShop_HomanUITests-frameworks-${CONFIGURATION}-input-files.xcfilelist",
			);
			name = "[CP] Embed Pods Frameworks";
			outputFileListPaths = (
				"${PODS_ROOT}/Target Support Files/Pods-GBShop_Homan-GBShop_HomanUITests/Pods-GBShop_Homan-GBShop_HomanUITests-frameworks-${CONFIGURATION}-output-files.xcfilelist",
			);
			runOnlyForDeploymentPostprocessing = 0;
			shellPath = /bin/sh;
			shellScript = "\"${PODS_ROOT}/Target Support Files/Pods-GBShop_Homan-GBShop_HomanUITests/Pods-GBShop_Homan-GBShop_HomanUITests-frameworks.sh\"\n";
			showEnvVarsInLog = 0;
		};
/* End PBXShellScriptBuildPhase section */

/* Begin PBXSourcesBuildPhase section */
		00ADC3AD2A14FA9700B0ADE3 /* Sources */ = {
			isa = PBXSourcesBuildPhase;
			buildActionMask = 2147483647;
			files = (
				001898CA2A1E6A87003A54F4 /* ReviewsRequestFactory.swift in Sources */,
				003485F42A15DBCF005C9709 /* LogoutRequestFactory.swift in Sources */,
				00ADC4062A15263100B0ADE3 /* AuthRequestFactory.swift in Sources */,
				00ADC4002A1525E200B0ADE3 /* RequestRouter.swift in Sources */,
				00EAA2C62A179F1A00355850 /* UserTestsModel.swift in Sources */,
				001898C62A1E68F4003A54F4 /* RemoveReviewRequestFactory.swift in Sources */,
				00ADC3FE2A1525C700B0ADE3 /* AbstractRequestFactory.swift in Sources */,
				00AD5DCD2A1B86B90091CD68 /* ProductResult.swift in Sources */,
				00ADC40A2A15265100B0ADE3 /* RequestFactory.swift in Sources */,
				001898C42A1E67F9003A54F4 /* RemoveReviewsResult.swift in Sources */,
				001898D02A1E6C68003A54F4 /* AddReviewRequest.swift in Sources */,
				002BC2212A3216D400116056 /* DeleteFromBasketResult.swift in Sources */,
				00ADC3FA2A1525A300B0ADE3 /* ErrorParser.swift in Sources */,
				003485FC2A15F123005C9709 /* ChangesProfileRequestFactory.swift in Sources */,
				00ADC3B92A14FA9700B0ADE3 /* ViewController.swift in Sources */,
				00AD5DCB2A1B867F0091CD68 /* ProductModel.swift in Sources */,
				00ADC3B52A14FA9700B0ADE3 /* AppDelegate.swift in Sources */,
				003485EE2A15D983005C9709 /* DataRequest.swift in Sources */,
				001898CC2A1E6AC3003A54F4 /* ReviewsRequest.swift in Sources */,
				00AD5DC42A1B80C50091CD68 /* CatalogDataRequest.swift in Sources */,
				005F869F2A167505004B1DDD /* ResponseCodable.swift in Sources */,
				001898BE2A1E5F41003A54F4 /* AddReviewResult.swift in Sources */,
				003485FA2A15EE63005C9709 /* ChangesProfile.swift in Sources */,
				002BC2262A32179700116056 /* GetBasketResult.swift in Sources */,
				002BC22E2A32186200116056 /* DeleteFromBasketRequest.swift in Sources */,
				002BC21F2A320BCD00116056 /* AddToBasketResult.swift in Sources */,
				003485F62A15DC7E005C9709 /* LogoutResult.swift in Sources */,
				001898C12A1E5FC1003A54F4 /* ReviewsResult.swift in Sources */,
				00ADC3B72A14FA9700B0ADE3 /* SceneDelegate.swift in Sources */,
				001898D22A1E6F27003A54F4 /* ReviewModel.swift in Sources */,
				00AD5DC62A1B819E0091CD68 /* CatalogDataRequestFactory.swift in Sources */,
				00ADC4022A15260B00B0ADE3 /* AuthResult.swift in Sources */,
				001898CE2A1E6C17003A54F4 /* AddReviewRequestFactory.swift in Sources */,
				00AD5DD12A1B8DF70091CD68 /* ProductRequest.swift in Sources */,
				002BC22C2A32182F00116056 /* DeleteFromBasketRequestFactory.swift in Sources */,
				002BC2282A3217C800116056 /* GetBasketRequestFactory.swift in Sources */,
				00ADC3FC2A1525B100B0ADE3 /* CustomDecodableSerializer.swift in Sources */,
				00AD5DC82A1B82610091CD68 /* CatalogDataResult.swift in Sources */,
				002BC21B2A320A8100116056 /* AddToBasketRequest.swift in Sources */,
				002BC21D2A320AB500116056 /* AddToBasketRequestFactory.swift in Sources */,
				002BC22A2A3217EE00116056 /* GetBasketRequest.swift in Sources */,
				00ADC4042A15261F00B0ADE3 /* UserModel.swift in Sources */,
				001898C82A1E6943003A54F4 /* RemoveReviewRequest.swift in Sources */,
				0093C7992A321CD0005B724E /* ProductFromBasket.swift in Sources */,
				00ADC3F82A15258D00B0ADE3 /* AbstractErrorParser.swift in Sources */,
				00AD5DCF2A1B87AE0091CD68 /* ProductRequestFactory.swift in Sources */,
				003485F22A15DB76005C9709 /* Logout.swift in Sources */,
				003485FE2A15F134005C9709 /* ChangesProfileResult.swift in Sources */,
				00ADC4082A15264200B0ADE3 /* Auth.swift in Sources */,
				00AD5DD72A1B99F70091CD68 /* ProductTestsModel.swift in Sources */,
			);
			runOnlyForDeploymentPostprocessing = 0;
		};
		00ADC3C32A14FA9900B0ADE3 /* Sources */ = {
			isa = PBXSourcesBuildPhase;
			buildActionMask = 2147483647;
			files = (
				00ADC3CC2A14FA9900B0ADE3 /* GBShop_HomanTests.swift in Sources */,
				0093C79B2A322F30005B724E /* BasketTests.swift in Sources */,
				007B58DE2A1F0FAF0091B339 /* ReviewsTests.swift in Sources */,
				00AD5DD52A1B98540091CD68 /* ProductCatalogTests.swift in Sources */,
				00FE8F422A167CE5002AB13D /* ChangeProfileTests.swift in Sources */,
				00FE8F402A167BD6002AB13D /* LogoutTests.swift in Sources */,
				00FE8F442A167E1C002AB13D /* AuthTests.swift in Sources */,
				00AD5DD32A1B8E680091CD68 /* ProductTests.swift in Sources */,
			);
			runOnlyForDeploymentPostprocessing = 0;
		};
		00ADC3CD2A14FA9900B0ADE3 /* Sources */ = {
			isa = PBXSourcesBuildPhase;
			buildActionMask = 2147483647;
			files = (
				00ADC3D62A14FA9900B0ADE3 /* GBShop_HomanUITests.swift in Sources */,
				00ADC3D82A14FA9900B0ADE3 /* GBShop_HomanUITestsLaunchTests.swift in Sources */,
			);
			runOnlyForDeploymentPostprocessing = 0;
		};
		00D503D62A1672F900200B1D /* Sources */ = {
			isa = PBXSourcesBuildPhase;
			buildActionMask = 2147483647;
			files = (
			);
			runOnlyForDeploymentPostprocessing = 0;
		};
/* End PBXSourcesBuildPhase section */

/* Begin PBXTargetDependency section */
		00ADC3C92A14FA9900B0ADE3 /* PBXTargetDependency */ = {
			isa = PBXTargetDependency;
			target = 00ADC3B02A14FA9700B0ADE3 /* GBShop_Homan */;
			targetProxy = 00ADC3C82A14FA9900B0ADE3 /* PBXContainerItemProxy */;
		};
		00ADC3D32A14FA9900B0ADE3 /* PBXTargetDependency */ = {
			isa = PBXTargetDependency;
			target = 00ADC3B02A14FA9700B0ADE3 /* GBShop_Homan */;
			targetProxy = 00ADC3D22A14FA9900B0ADE3 /* PBXContainerItemProxy */;
		};
		00D503DF2A1672F900200B1D /* PBXTargetDependency */ = {
			isa = PBXTargetDependency;
			target = 00ADC3B02A14FA9700B0ADE3 /* GBShop_Homan */;
			targetProxy = 00D503DE2A1672F900200B1D /* PBXContainerItemProxy */;
		};
/* End PBXTargetDependency section */

/* Begin PBXVariantGroup section */
		00ADC3BA2A14FA9700B0ADE3 /* Main.storyboard */ = {
			isa = PBXVariantGroup;
			children = (
				00ADC3BB2A14FA9700B0ADE3 /* Base */,
			);
			name = Main.storyboard;
			sourceTree = "<group>";
		};
		00ADC3BF2A14FA9900B0ADE3 /* LaunchScreen.storyboard */ = {
			isa = PBXVariantGroup;
			children = (
				00ADC3C02A14FA9900B0ADE3 /* Base */,
			);
			name = LaunchScreen.storyboard;
			sourceTree = "<group>";
		};
/* End PBXVariantGroup section */

/* Begin XCBuildConfiguration section */
		00ADC3D92A14FA9900B0ADE3 /* Debug */ = {
			isa = XCBuildConfiguration;
			buildSettings = {
				ALWAYS_SEARCH_USER_PATHS = NO;
				CLANG_ANALYZER_NONNULL = YES;
				CLANG_ANALYZER_NUMBER_OBJECT_CONVERSION = YES_AGGRESSIVE;
				CLANG_CXX_LANGUAGE_STANDARD = "gnu++20";
				CLANG_ENABLE_MODULES = YES;
				CLANG_ENABLE_OBJC_ARC = YES;
				CLANG_ENABLE_OBJC_WEAK = YES;
				CLANG_WARN_BLOCK_CAPTURE_AUTORELEASING = YES;
				CLANG_WARN_BOOL_CONVERSION = YES;
				CLANG_WARN_COMMA = YES;
				CLANG_WARN_CONSTANT_CONVERSION = YES;
				CLANG_WARN_DEPRECATED_OBJC_IMPLEMENTATIONS = YES;
				CLANG_WARN_DIRECT_OBJC_ISA_USAGE = YES_ERROR;
				CLANG_WARN_DOCUMENTATION_COMMENTS = YES;
				CLANG_WARN_EMPTY_BODY = YES;
				CLANG_WARN_ENUM_CONVERSION = YES;
				CLANG_WARN_INFINITE_RECURSION = YES;
				CLANG_WARN_INT_CONVERSION = YES;
				CLANG_WARN_NON_LITERAL_NULL_CONVERSION = YES;
				CLANG_WARN_OBJC_IMPLICIT_RETAIN_SELF = YES;
				CLANG_WARN_OBJC_LITERAL_CONVERSION = YES;
				CLANG_WARN_OBJC_ROOT_CLASS = YES_ERROR;
				CLANG_WARN_QUOTED_INCLUDE_IN_FRAMEWORK_HEADER = YES;
				CLANG_WARN_RANGE_LOOP_ANALYSIS = YES;
				CLANG_WARN_STRICT_PROTOTYPES = YES;
				CLANG_WARN_SUSPICIOUS_MOVE = YES;
				CLANG_WARN_UNGUARDED_AVAILABILITY = YES_AGGRESSIVE;
				CLANG_WARN_UNREACHABLE_CODE = YES;
				CLANG_WARN__DUPLICATE_METHOD_MATCH = YES;
				COPY_PHASE_STRIP = NO;
				DEBUG_INFORMATION_FORMAT = dwarf;
				ENABLE_STRICT_OBJC_MSGSEND = YES;
				ENABLE_TESTABILITY = YES;
				GCC_C_LANGUAGE_STANDARD = gnu11;
				GCC_DYNAMIC_NO_PIC = NO;
				GCC_NO_COMMON_BLOCKS = YES;
				GCC_OPTIMIZATION_LEVEL = 0;
				GCC_PREPROCESSOR_DEFINITIONS = (
					"DEBUG=1",
					"$(inherited)",
				);
				GCC_WARN_64_TO_32_BIT_CONVERSION = YES;
				GCC_WARN_ABOUT_RETURN_TYPE = YES_ERROR;
				GCC_WARN_UNDECLARED_SELECTOR = YES;
				GCC_WARN_UNINITIALIZED_AUTOS = YES_AGGRESSIVE;
				GCC_WARN_UNUSED_FUNCTION = YES;
				GCC_WARN_UNUSED_VARIABLE = YES;
				IPHONEOS_DEPLOYMENT_TARGET = 16.4;
				MTL_ENABLE_DEBUG_INFO = INCLUDE_SOURCE;
				MTL_FAST_MATH = YES;
				ONLY_ACTIVE_ARCH = YES;
				SDKROOT = iphoneos;
				SWIFT_ACTIVE_COMPILATION_CONDITIONS = DEBUG;
				SWIFT_OPTIMIZATION_LEVEL = "-Onone";
			};
			name = Debug;
		};
		00ADC3DA2A14FA9900B0ADE3 /* Release */ = {
			isa = XCBuildConfiguration;
			buildSettings = {
				ALWAYS_SEARCH_USER_PATHS = NO;
				CLANG_ANALYZER_NONNULL = YES;
				CLANG_ANALYZER_NUMBER_OBJECT_CONVERSION = YES_AGGRESSIVE;
				CLANG_CXX_LANGUAGE_STANDARD = "gnu++20";
				CLANG_ENABLE_MODULES = YES;
				CLANG_ENABLE_OBJC_ARC = YES;
				CLANG_ENABLE_OBJC_WEAK = YES;
				CLANG_WARN_BLOCK_CAPTURE_AUTORELEASING = YES;
				CLANG_WARN_BOOL_CONVERSION = YES;
				CLANG_WARN_COMMA = YES;
				CLANG_WARN_CONSTANT_CONVERSION = YES;
				CLANG_WARN_DEPRECATED_OBJC_IMPLEMENTATIONS = YES;
				CLANG_WARN_DIRECT_OBJC_ISA_USAGE = YES_ERROR;
				CLANG_WARN_DOCUMENTATION_COMMENTS = YES;
				CLANG_WARN_EMPTY_BODY = YES;
				CLANG_WARN_ENUM_CONVERSION = YES;
				CLANG_WARN_INFINITE_RECURSION = YES;
				CLANG_WARN_INT_CONVERSION = YES;
				CLANG_WARN_NON_LITERAL_NULL_CONVERSION = YES;
				CLANG_WARN_OBJC_IMPLICIT_RETAIN_SELF = YES;
				CLANG_WARN_OBJC_LITERAL_CONVERSION = YES;
				CLANG_WARN_OBJC_ROOT_CLASS = YES_ERROR;
				CLANG_WARN_QUOTED_INCLUDE_IN_FRAMEWORK_HEADER = YES;
				CLANG_WARN_RANGE_LOOP_ANALYSIS = YES;
				CLANG_WARN_STRICT_PROTOTYPES = YES;
				CLANG_WARN_SUSPICIOUS_MOVE = YES;
				CLANG_WARN_UNGUARDED_AVAILABILITY = YES_AGGRESSIVE;
				CLANG_WARN_UNREACHABLE_CODE = YES;
				CLANG_WARN__DUPLICATE_METHOD_MATCH = YES;
				COPY_PHASE_STRIP = NO;
				DEBUG_INFORMATION_FORMAT = "dwarf-with-dsym";
				ENABLE_NS_ASSERTIONS = NO;
				ENABLE_STRICT_OBJC_MSGSEND = YES;
				GCC_C_LANGUAGE_STANDARD = gnu11;
				GCC_NO_COMMON_BLOCKS = YES;
				GCC_WARN_64_TO_32_BIT_CONVERSION = YES;
				GCC_WARN_ABOUT_RETURN_TYPE = YES_ERROR;
				GCC_WARN_UNDECLARED_SELECTOR = YES;
				GCC_WARN_UNINITIALIZED_AUTOS = YES_AGGRESSIVE;
				GCC_WARN_UNUSED_FUNCTION = YES;
				GCC_WARN_UNUSED_VARIABLE = YES;
				IPHONEOS_DEPLOYMENT_TARGET = 16.4;
				MTL_ENABLE_DEBUG_INFO = NO;
				MTL_FAST_MATH = YES;
				SDKROOT = iphoneos;
				SWIFT_COMPILATION_MODE = wholemodule;
				SWIFT_OPTIMIZATION_LEVEL = "-O";
				VALIDATE_PRODUCT = YES;
			};
			name = Release;
		};
		00ADC3DC2A14FA9900B0ADE3 /* Debug */ = {
			isa = XCBuildConfiguration;
			baseConfigurationReference = 28508A2583886C3C515CCD0B /* Pods-GBShop_Homan.debug.xcconfig */;
			buildSettings = {
				ASSETCATALOG_COMPILER_APPICON_NAME = AppIcon;
				ASSETCATALOG_COMPILER_GLOBAL_ACCENT_COLOR_NAME = AccentColor;
				CODE_SIGN_STYLE = Automatic;
				CURRENT_PROJECT_VERSION = 1;
				DEVELOPMENT_TEAM = LFLMJ46Z7V;
				GENERATE_INFOPLIST_FILE = YES;
				INFOPLIST_FILE = GBShop_Homan/Info.plist;
				INFOPLIST_KEY_UIApplicationSupportsIndirectInputEvents = YES;
				INFOPLIST_KEY_UILaunchStoryboardName = LaunchScreen;
				INFOPLIST_KEY_UIMainStoryboardFile = Main;
				INFOPLIST_KEY_UISupportedInterfaceOrientations_iPad = "UIInterfaceOrientationPortrait UIInterfaceOrientationPortraitUpsideDown UIInterfaceOrientationLandscapeLeft UIInterfaceOrientationLandscapeRight";
				INFOPLIST_KEY_UISupportedInterfaceOrientations_iPhone = "UIInterfaceOrientationPortrait UIInterfaceOrientationLandscapeLeft UIInterfaceOrientationLandscapeRight";
				LD_RUNPATH_SEARCH_PATHS = (
					"$(inherited)",
					"@executable_path/Frameworks",
				);
				MARKETING_VERSION = 1.0;
				PRODUCT_BUNDLE_IDENTIFIER = "com.app.GBShop-Homan";
				PRODUCT_NAME = "$(TARGET_NAME)";
				SWIFT_EMIT_LOC_STRINGS = YES;
				SWIFT_VERSION = 5.0;
				TARGETED_DEVICE_FAMILY = "1,2";
			};
			name = Debug;
		};
		00ADC3DD2A14FA9900B0ADE3 /* Release */ = {
			isa = XCBuildConfiguration;
			baseConfigurationReference = D04ED316C69F46824D4FAD48 /* Pods-GBShop_Homan.release.xcconfig */;
			buildSettings = {
				ASSETCATALOG_COMPILER_APPICON_NAME = AppIcon;
				ASSETCATALOG_COMPILER_GLOBAL_ACCENT_COLOR_NAME = AccentColor;
				CODE_SIGN_STYLE = Automatic;
				CURRENT_PROJECT_VERSION = 1;
				DEVELOPMENT_TEAM = LFLMJ46Z7V;
				GENERATE_INFOPLIST_FILE = YES;
				INFOPLIST_FILE = GBShop_Homan/Info.plist;
				INFOPLIST_KEY_UIApplicationSupportsIndirectInputEvents = YES;
				INFOPLIST_KEY_UILaunchStoryboardName = LaunchScreen;
				INFOPLIST_KEY_UIMainStoryboardFile = Main;
				INFOPLIST_KEY_UISupportedInterfaceOrientations_iPad = "UIInterfaceOrientationPortrait UIInterfaceOrientationPortraitUpsideDown UIInterfaceOrientationLandscapeLeft UIInterfaceOrientationLandscapeRight";
				INFOPLIST_KEY_UISupportedInterfaceOrientations_iPhone = "UIInterfaceOrientationPortrait UIInterfaceOrientationLandscapeLeft UIInterfaceOrientationLandscapeRight";
				LD_RUNPATH_SEARCH_PATHS = (
					"$(inherited)",
					"@executable_path/Frameworks",
				);
				MARKETING_VERSION = 1.0;
				PRODUCT_BUNDLE_IDENTIFIER = "com.app.GBShop-Homan";
				PRODUCT_NAME = "$(TARGET_NAME)";
				SWIFT_EMIT_LOC_STRINGS = YES;
				SWIFT_VERSION = 5.0;
				TARGETED_DEVICE_FAMILY = "1,2";
			};
			name = Release;
		};
		00ADC3DF2A14FA9900B0ADE3 /* Debug */ = {
			isa = XCBuildConfiguration;
			baseConfigurationReference = 5ED3C109E4EF92472AB95DE0 /* Pods-GBShop_HomanTests.debug.xcconfig */;
			buildSettings = {
				ALWAYS_EMBED_SWIFT_STANDARD_LIBRARIES = YES;
				BUNDLE_LOADER = "$(TEST_HOST)";
				CODE_SIGN_STYLE = Automatic;
				CURRENT_PROJECT_VERSION = 1;
				DEVELOPMENT_TEAM = LFLMJ46Z7V;
				GENERATE_INFOPLIST_FILE = YES;
				IPHONEOS_DEPLOYMENT_TARGET = 16.4;
				MARKETING_VERSION = 1.0;
				PRODUCT_BUNDLE_IDENTIFIER = "com.app.GBShop-HomanTests";
				PRODUCT_NAME = "$(TARGET_NAME)";
				SWIFT_EMIT_LOC_STRINGS = NO;
				SWIFT_VERSION = 5.0;
				TARGETED_DEVICE_FAMILY = "1,2";
				TEST_HOST = "$(BUILT_PRODUCTS_DIR)/GBShop_Homan.app/$(BUNDLE_EXECUTABLE_FOLDER_PATH)/GBShop_Homan";
			};
			name = Debug;
		};
		00ADC3E02A14FA9900B0ADE3 /* Release */ = {
			isa = XCBuildConfiguration;
			baseConfigurationReference = EC9BB2314AC5858C6018744F /* Pods-GBShop_HomanTests.release.xcconfig */;
			buildSettings = {
				ALWAYS_EMBED_SWIFT_STANDARD_LIBRARIES = YES;
				BUNDLE_LOADER = "$(TEST_HOST)";
				CODE_SIGN_STYLE = Automatic;
				CURRENT_PROJECT_VERSION = 1;
				DEVELOPMENT_TEAM = LFLMJ46Z7V;
				GENERATE_INFOPLIST_FILE = YES;
				IPHONEOS_DEPLOYMENT_TARGET = 16.4;
				MARKETING_VERSION = 1.0;
				PRODUCT_BUNDLE_IDENTIFIER = "com.app.GBShop-HomanTests";
				PRODUCT_NAME = "$(TARGET_NAME)";
				SWIFT_EMIT_LOC_STRINGS = NO;
				SWIFT_VERSION = 5.0;
				TARGETED_DEVICE_FAMILY = "1,2";
				TEST_HOST = "$(BUILT_PRODUCTS_DIR)/GBShop_Homan.app/$(BUNDLE_EXECUTABLE_FOLDER_PATH)/GBShop_Homan";
			};
			name = Release;
		};
		00ADC3E22A14FA9900B0ADE3 /* Debug */ = {
			isa = XCBuildConfiguration;
			baseConfigurationReference = 1384372722138076EF1FF883 /* Pods-GBShop_Homan-GBShop_HomanUITests.debug.xcconfig */;
			buildSettings = {
				ALWAYS_EMBED_SWIFT_STANDARD_LIBRARIES = YES;
				CODE_SIGN_STYLE = Automatic;
				CURRENT_PROJECT_VERSION = 1;
				DEVELOPMENT_TEAM = LFLMJ46Z7V;
				GENERATE_INFOPLIST_FILE = YES;
				MARKETING_VERSION = 1.0;
				PRODUCT_BUNDLE_IDENTIFIER = "com.app.GBShop-HomanUITests";
				PRODUCT_NAME = "$(TARGET_NAME)";
				SWIFT_EMIT_LOC_STRINGS = NO;
				SWIFT_VERSION = 5.0;
				TARGETED_DEVICE_FAMILY = "1,2";
				TEST_TARGET_NAME = GBShop_Homan;
			};
			name = Debug;
		};
		00ADC3E32A14FA9900B0ADE3 /* Release */ = {
			isa = XCBuildConfiguration;
			baseConfigurationReference = 549298E35C713C9183CD9D2A /* Pods-GBShop_Homan-GBShop_HomanUITests.release.xcconfig */;
			buildSettings = {
				ALWAYS_EMBED_SWIFT_STANDARD_LIBRARIES = YES;
				CODE_SIGN_STYLE = Automatic;
				CURRENT_PROJECT_VERSION = 1;
				DEVELOPMENT_TEAM = LFLMJ46Z7V;
				GENERATE_INFOPLIST_FILE = YES;
				MARKETING_VERSION = 1.0;
				PRODUCT_BUNDLE_IDENTIFIER = "com.app.GBShop-HomanUITests";
				PRODUCT_NAME = "$(TARGET_NAME)";
				SWIFT_EMIT_LOC_STRINGS = NO;
				SWIFT_VERSION = 5.0;
				TARGETED_DEVICE_FAMILY = "1,2";
				TEST_TARGET_NAME = GBShop_Homan;
			};
			name = Release;
		};
		00D503E12A1672F900200B1D /* Debug */ = {
			isa = XCBuildConfiguration;
			buildSettings = {
				BUNDLE_LOADER = "$(TEST_HOST)";
				CODE_SIGN_STYLE = Automatic;
				CURRENT_PROJECT_VERSION = 1;
				DEAD_CODE_STRIPPING = YES;
				DEVELOPMENT_TEAM = LFLMJ46Z7V;
				GENERATE_INFOPLIST_FILE = YES;
				IPHONEOS_DEPLOYMENT_TARGET = 16.4;
				MACOSX_DEPLOYMENT_TARGET = 13.3;
				MARKETING_VERSION = 1.0;
				PRODUCT_BUNDLE_IDENTIFIER = com.app.ResponseodableTests;
				PRODUCT_NAME = "$(TARGET_NAME)";
				SDKROOT = auto;
				SUPPORTED_PLATFORMS = "iphoneos iphonesimulator macosx";
				SWIFT_EMIT_LOC_STRINGS = NO;
				SWIFT_VERSION = 5.0;
				TARGETED_DEVICE_FAMILY = "1,2";
				TEST_HOST = "$(BUILT_PRODUCTS_DIR)/GBShop_Homan.app/$(BUNDLE_EXECUTABLE_FOLDER_PATH)/GBShop_Homan";
			};
			name = Debug;
		};
		00D503E22A1672F900200B1D /* Release */ = {
			isa = XCBuildConfiguration;
			buildSettings = {
				BUNDLE_LOADER = "$(TEST_HOST)";
				CODE_SIGN_STYLE = Automatic;
				CURRENT_PROJECT_VERSION = 1;
				DEAD_CODE_STRIPPING = YES;
				DEVELOPMENT_TEAM = LFLMJ46Z7V;
				GENERATE_INFOPLIST_FILE = YES;
				IPHONEOS_DEPLOYMENT_TARGET = 16.4;
				MACOSX_DEPLOYMENT_TARGET = 13.3;
				MARKETING_VERSION = 1.0;
				PRODUCT_BUNDLE_IDENTIFIER = com.app.ResponseodableTests;
				PRODUCT_NAME = "$(TARGET_NAME)";
				SDKROOT = auto;
				SUPPORTED_PLATFORMS = "iphoneos iphonesimulator macosx";
				SWIFT_EMIT_LOC_STRINGS = NO;
				SWIFT_VERSION = 5.0;
				TARGETED_DEVICE_FAMILY = "1,2";
				TEST_HOST = "$(BUILT_PRODUCTS_DIR)/GBShop_Homan.app/$(BUNDLE_EXECUTABLE_FOLDER_PATH)/GBShop_Homan";
			};
			name = Release;
		};
/* End XCBuildConfiguration section */

/* Begin XCConfigurationList section */
		00ADC3AC2A14FA9700B0ADE3 /* Build configuration list for PBXProject "GBShop_Homan" */ = {
			isa = XCConfigurationList;
			buildConfigurations = (
				00ADC3D92A14FA9900B0ADE3 /* Debug */,
				00ADC3DA2A14FA9900B0ADE3 /* Release */,
			);
			defaultConfigurationIsVisible = 0;
			defaultConfigurationName = Release;
		};
		00ADC3DB2A14FA9900B0ADE3 /* Build configuration list for PBXNativeTarget "GBShop_Homan" */ = {
			isa = XCConfigurationList;
			buildConfigurations = (
				00ADC3DC2A14FA9900B0ADE3 /* Debug */,
				00ADC3DD2A14FA9900B0ADE3 /* Release */,
			);
			defaultConfigurationIsVisible = 0;
			defaultConfigurationName = Release;
		};
		00ADC3DE2A14FA9900B0ADE3 /* Build configuration list for PBXNativeTarget "GBShop_HomanTests" */ = {
			isa = XCConfigurationList;
			buildConfigurations = (
				00ADC3DF2A14FA9900B0ADE3 /* Debug */,
				00ADC3E02A14FA9900B0ADE3 /* Release */,
			);
			defaultConfigurationIsVisible = 0;
			defaultConfigurationName = Release;
		};
		00ADC3E12A14FA9900B0ADE3 /* Build configuration list for PBXNativeTarget "GBShop_HomanUITests" */ = {
			isa = XCConfigurationList;
			buildConfigurations = (
				00ADC3E22A14FA9900B0ADE3 /* Debug */,
				00ADC3E32A14FA9900B0ADE3 /* Release */,
			);
			defaultConfigurationIsVisible = 0;
			defaultConfigurationName = Release;
		};
		00D503E02A1672F900200B1D /* Build configuration list for PBXNativeTarget "ResponseodableTests" */ = {
			isa = XCConfigurationList;
			buildConfigurations = (
				00D503E12A1672F900200B1D /* Debug */,
				00D503E22A1672F900200B1D /* Release */,
			);
			defaultConfigurationIsVisible = 0;
			defaultConfigurationName = Release;
		};
/* End XCConfigurationList section */
	};
	rootObject = 00ADC3A92A14FA9700B0ADE3 /* Project object */;
}
